{
  "version": "3",
  "packages": {
    "specifiers": {
      "jsr:@std/assert": "jsr:@std/assert@1.0.6",
      "jsr:@std/internal@^1.0.4": "jsr:@std/internal@1.0.4",
      "jsr:@std/path": "jsr:@std/path@1.0.6"
    },
    "jsr": {
      "@std/assert@1.0.6": {
        "dependencies": [
          "jsr:@std/internal@^1.0.4"
        ]
      },
      "@std/internal@1.0.4": {},
      "@std/path@1.0.6": {}
    }
  },
  "remote": {
    "https://cdn.sheetjs.com/xlsx-0.20.3/package/xlsx.mjs": "1a0fb062ee9781b13f6687371b202aaefc53b6ce55b530c027e01f9c087b77db",
    "https://deno.land/std@0.130.0/_util/assert.ts": "e94f2eb37cebd7f199952e242c77654e43333c1ac4c5c700e929ea3aa5489f74",
    "https://deno.land/std@0.130.0/_util/os.ts": "49b92edea1e82ba295ec946de8ffd956ed123e2948d9bd1d3e901b04e4307617",
    "https://deno.land/std@0.130.0/path/_constants.ts": "df1db3ffa6dd6d1252cc9617e5d72165cd2483df90e93833e13580687b6083c3",
    "https://deno.land/std@0.130.0/path/_interface.ts": "ee3b431a336b80cf445441109d089b70d87d5e248f4f90ff906820889ecf8d09",
    "https://deno.land/std@0.130.0/path/_util.ts": "c1e9686d0164e29f7d880b2158971d805b6e0efc3110d0b3e24e4b8af2190d2b",
    "https://deno.land/std@0.130.0/path/common.ts": "bee563630abd2d97f99d83c96c2fa0cca7cee103e8cb4e7699ec4d5db7bd2633",
    "https://deno.land/std@0.130.0/path/glob.ts": "cb5255638de1048973c3e69e420c77dc04f75755524cb3b2e160fe9277d939ee",
    "https://deno.land/std@0.130.0/path/mod.ts": "4275129bb766f0e475ecc5246aa35689eeade419d72a48355203f31802640be7",
    "https://deno.land/std@0.130.0/path/posix.ts": "663e4a6fe30a145f56aa41a22d95114c4c5582d8b57d2d7c9ed27ad2c47636bb",
    "https://deno.land/std@0.130.0/path/separator.ts": "fe1816cb765a8068afb3e8f13ad272351c85cbc739af56dacfc7d93d710fe0f9",
    "https://deno.land/std@0.130.0/path/win32.ts": "e7bdf63e8d9982b4d8a01ef5689425c93310ece950e517476e22af10f41a136e",
    "https://deno.land/std@0.216.0/assert/_constants.ts": "a271e8ef5a573f1df8e822a6eb9d09df064ad66a4390f21b3e31f820a38e0975",
    "https://deno.land/std@0.216.0/assert/_diff.ts": "dcc63d94ca289aec80644030cf88ccbf7acaa6fbd7b0f22add93616b36593840",
    "https://deno.land/std@0.216.0/assert/_format.ts": "0ba808961bf678437fb486b56405b6fefad2cf87b5809667c781ddee8c32aff4",
    "https://deno.land/std@0.216.0/assert/assert.ts": "bec068b2fccdd434c138a555b19a2c2393b71dfaada02b7d568a01541e67cdc5",
    "https://deno.land/std@0.216.0/assert/assert_almost_equals.ts": "8b96b7385cc117668b0720115eb6ee73d04c9bcb2f5d2344d674918c9113688f",
    "https://deno.land/std@0.216.0/assert/assert_array_includes.ts": "1688d76317fd45b7e93ef9e2765f112fdf2b7c9821016cdfb380b9445374aed1",
    "https://deno.land/std@0.216.0/assert/assert_equals.ts": "4497c56fe7d2993b0d447926702802fc0becb44e319079e8eca39b482ee01b4e",
    "https://deno.land/std@0.216.0/assert/assert_exists.ts": "24a7bf965e634f909242cd09fbaf38bde6b791128ece08e33ab08586a7cc55c9",
    "https://deno.land/std@0.216.0/assert/assert_false.ts": "6f382568e5128c0f855e5f7dbda8624c1ed9af4fcc33ef4a9afeeedcdce99769",
    "https://deno.land/std@0.216.0/assert/assert_greater.ts": "4945cf5729f1a38874d7e589e0fe5cc5cd5abe5573ca2ddca9d3791aa891856c",
    "https://deno.land/std@0.216.0/assert/assert_greater_or_equal.ts": "573ed8823283b8d94b7443eb69a849a3c369a8eb9666b2d1db50c33763a5d219",
    "https://deno.land/std@0.216.0/assert/assert_instance_of.ts": "72dc1faff1e248692d873c89382fa1579dd7b53b56d52f37f9874a75b11ba444",
    "https://deno.land/std@0.216.0/assert/assert_is_error.ts": "6596f2b5ba89ba2fe9b074f75e9318cda97a2381e59d476812e30077fbdb6ed2",
    "https://deno.land/std@0.216.0/assert/assert_less.ts": "2b4b3fe7910f65f7be52212f19c3977ecb8ba5b2d6d0a296c83cde42920bb005",
    "https://deno.land/std@0.216.0/assert/assert_less_or_equal.ts": "b93d212fe669fbde959e35b3437ac9a4468f2e6b77377e7b6ea2cfdd825d38a0",
    "https://deno.land/std@0.216.0/assert/assert_match.ts": "ec2d9680ed3e7b9746ec57ec923a17eef6d476202f339ad91d22277d7f1d16e1",
    "https://deno.land/std@0.216.0/assert/assert_not_equals.ts": "ac86413ab70ffb14fdfc41740ba579a983fe355ba0ce4a9ab685e6b8e7f6a250",
    "https://deno.land/std@0.216.0/assert/assert_not_instance_of.ts": "8f720d92d83775c40b2542a8d76c60c2d4aeddaf8713c8d11df8984af2604931",
    "https://deno.land/std@0.216.0/assert/assert_not_match.ts": "b4b7c77f146963e2b673c1ce4846473703409eb93f5ab0eb60f6e6f8aeffe39f",
    "https://deno.land/std@0.216.0/assert/assert_not_strict_equals.ts": "da0b8ab60a45d5a9371088378e5313f624799470c3b54c76e8b8abeec40a77be",
    "https://deno.land/std@0.216.0/assert/assert_object_match.ts": "e85e5eef62a56ce364c3afdd27978ccab979288a3e772e6855c270a7b118fa49",
    "https://deno.land/std@0.216.0/assert/assert_rejects.ts": "e9e0c8d9c3e164c7ac962c37b3be50577c5a2010db107ed272c4c1afb1269f54",
    "https://deno.land/std@0.216.0/assert/assert_strict_equals.ts": "0425a98f70badccb151644c902384c12771a93e65f8ff610244b8147b03a2366",
    "https://deno.land/std@0.216.0/assert/assert_string_includes.ts": "dfb072a890167146f8e5bdd6fde887ce4657098e9f71f12716ef37f35fb6f4a7",
    "https://deno.land/std@0.216.0/assert/assert_throws.ts": "edddd86b39606c342164b49ad88dd39a26e72a26655e07545d172f164b617fa7",
    "https://deno.land/std@0.216.0/assert/assertion_error.ts": "9f689a101ee586c4ce92f52fa7ddd362e86434ffdf1f848e45987dc7689976b8",
    "https://deno.land/std@0.216.0/assert/equal.ts": "fae5e8a52a11d3ac694bbe1a53e13a7969e3f60791262312e91a3e741ae519e2",
    "https://deno.land/std@0.216.0/assert/fail.ts": "f310e51992bac8e54f5fd8e44d098638434b2edb802383690e0d7a9be1979f1c",
    "https://deno.land/std@0.216.0/assert/mod.ts": "325df8c0683ad83a873b9691aa66b812d6275fc9fec0b2d180ac68a2c5efed3b",
    "https://deno.land/std@0.216.0/assert/unimplemented.ts": "47ca67d1c6dc53abd0bd729b71a31e0825fc452dbcd4fde4ca06789d5644e7fd",
    "https://deno.land/std@0.216.0/assert/unreachable.ts": "38cfecb95d8b06906022d2f9474794fca4161a994f83354fd079cac9032b5145",
    "https://deno.land/std@0.216.0/fmt/colors.ts": "d239d84620b921ea520125d778947881f62c50e78deef2657073840b8af9559a",
    "https://deno.land/x/yano3nora_tsutils@v0.29.0/libs/char-2-codes.ts": "00a0c7ca935b8915e5477ddaa2d040bb926797e64b947e66fb61be06c31e87ce",
    "https://deno.land/x/yano3nora_tsutils@v0.29.0/libs/char-count.ts": "5eb23de4d6576af0e123ab6a8faa3f8d9c6a127729090d8c07004901cece628c",
    "https://deno.land/x/yano3nora_tsutils@v0.29.0/libs/chunk.ts": "385c8155a3e2fdf1020952a9d10588b29a1b8efebe371225796f4fabea045d29",
    "https://deno.land/x/yano3nora_tsutils@v0.29.0/libs/error-2-json.ts": "7bbdaea10af1c15358761106c429dcd3544a0ab66cb29c3fb9878232cf8d2fe5",
    "https://deno.land/x/yano3nora_tsutils@v0.29.0/libs/get-rank.ts": "de62202758a79aa730f176a853f216343b8c83a9099e426a0e29f3935399888e",
    "https://deno.land/x/yano3nora_tsutils@v0.29.0/libs/group-by.ts": "fa217e15845391246b64ce54a60abcbda1450768b62a455dd270d4e33a84778c",
    "https://deno.land/x/yano3nora_tsutils@v0.29.0/libs/hash-by-seed.ts": "d90a8f8ae0b379a4096ceee6eba47496df2ba9231e4d54aba305811cd400d9ca",
    "https://deno.land/x/yano3nora_tsutils@v0.29.0/libs/is-json.ts": "6bf9b38e8cab0e84bf3ab3ef5bc7d04f111eafe3e5eab9e3f485f298773e69ad",
    "https://deno.land/x/yano3nora_tsutils@v0.29.0/libs/is-number.ts": "6ceafa10560dc6ae1fcf98e5be49acc74a3452019b7947f5d1fd28428fbb5986",
    "https://deno.land/x/yano3nora_tsutils@v0.29.0/libs/is-url.ts": "73f7b740c7d2844f7dbe2e1ca0f2b9c695483266af8785d87c55dbc1d6ad4adb",
    "https://deno.land/x/yano3nora_tsutils@v0.29.0/libs/lcg.ts": "2e2fadce85a7b8d15448397baebaaa0d6270fe7a77660214210f868788135939",
    "https://deno.land/x/yano3nora_tsutils@v0.29.0/libs/missing-elements.ts": "77bf22d80535b1bf58170e182ad686a789531083fa564ebd4557442a3dfed419",
    "https://deno.land/x/yano3nora_tsutils@v0.29.0/libs/nameof.ts": "fe2e7d0641d6633a55781d0dda6231b6c7b4f7929849a763aa8e2f191d6e1948",
    "https://deno.land/x/yano3nora_tsutils@v0.29.0/libs/number-2-alphabets.ts": "70fc8f5fbf7bb64e1d7222734139e0c42d5fd0544c8b070f81885c39b99ecf09",
    "https://deno.land/x/yano3nora_tsutils@v0.29.0/libs/numformat.ts": "3a132cc5a26087d9fab6a5aa50ce660bc64c4c87c5c5b7be7e30bc8a63a99c5c",
    "https://deno.land/x/yano3nora_tsutils@v0.29.0/libs/object-by-keys.ts": "9c08529255656a2d86f5357997ff9907d8809a4335bed78f2cbe4112cccf7ed1",
    "https://deno.land/x/yano3nora_tsutils@v0.29.0/libs/object-entries.ts": "0226d23ba1cca8dd19eb0333f4de9b3b7d015c83bf8ecac1d7c3134f48cf48f3",
    "https://deno.land/x/yano3nora_tsutils@v0.29.0/libs/object-key-by-value.ts": "531d040488136ed6f2d6d73b4da58d587e151e91242d90eac478004f68ad560e",
    "https://deno.land/x/yano3nora_tsutils@v0.29.0/libs/object-keys-by-value.ts": "e86332d8e4796ee09203c56fa395bedae229e79ca0a3343f7fd8c1cb0ac58bc1",
    "https://deno.land/x/yano3nora_tsutils@v0.29.0/libs/object-keys.ts": "00d8ac32c6858987d09ff03af9ff6111ffb8b4dde5df216551eab43f70989b4a",
    "https://deno.land/x/yano3nora_tsutils@v0.29.0/libs/object-swap.ts": "a03cc7dba10f0768df616296f44ee76a1f3d53edb61077cf755c86d1f66ad80e",
    "https://deno.land/x/yano3nora_tsutils@v0.29.0/libs/objects-2-object.ts": "d20e64999163503363acbdf0654c0ef99b18abb0ae4a441ca4ede1e8f2e59c8c",
    "https://deno.land/x/yano3nora_tsutils@v0.29.0/libs/percent-weighted-avg.ts": "af48a47b2b0dc94699e65bd2b8dffcd50080e59fc2758eabdcf5153c2afc8062",
    "https://deno.land/x/yano3nora_tsutils@v0.29.0/libs/random-int.ts": "4974996afd26b8c339173e0866cccdab5ecdec78424bee6e9e58a6b5621cc001",
    "https://deno.land/x/yano3nora_tsutils@v0.29.0/libs/range.ts": "80511c853c7feded6828c63885b260c7da885e5977c3510df2a312dc2ae8e2a7",
    "https://deno.land/x/yano3nora_tsutils@v0.29.0/libs/record-by.ts": "f32633d1a584e073faadc1829eeaa1297e61fbd5423fe728ce37665bea847f59",
    "https://deno.land/x/yano3nora_tsutils@v0.29.0/libs/remaining-seconds.ts": "71f8a7fb04579daa63f0ed2b86e8ac659959db303da5dba3f4b3767f77d47935",
    "https://deno.land/x/yano3nora_tsutils@v0.29.0/libs/shuffled.ts": "deb6ef4691b0992f606079506fdc9ab8944df0ca66d6ac4db8f0a04c6e0f6152",
    "https://deno.land/x/yano3nora_tsutils@v0.29.0/libs/sleep-timer.ts": "e056cdbe06bed8b762cb654e815e46f70abd98c959b17f69ab5fc896ad6816b7",
    "https://deno.land/x/yano3nora_tsutils@v0.29.0/libs/unionof.ts": "3bbc8684f109d2009ed279fbb4fab8d1337d018f603b707ddf12cab7eed019a5",
    "https://deno.land/x/yano3nora_tsutils@v0.29.0/libs/unique.ts": "c734c40e28e464f48dc342422c3cc1ec12464fe0fe6e3e55dd383b43d4ce9f0a",
    "https://deno.land/x/yano3nora_tsutils@v0.29.0/libs/utility-types.ts": "1a0c1887fdae83ac9dd08ccfa1fc518fd929eca646808adf53a58cc1f25dd7b0",
    "https://deno.land/x/yano3nora_tsutils@v0.29.0/libs/wait-until-or-fail.ts": "ba8131a4282731f2d656a86d9d1c6271293c9a56ae26dc27af511fc0b504cb0d",
    "https://deno.land/x/yano3nora_tsutils@v0.29.0/main.ts": "5ccd494208b64bb2cfe4488abc9b81079d6bc758fa4055a6bb7981ee849c1d2b",
    "https://jsr.io/@std/assert/1.0.6/almost_equals.ts": "868c02e8fbcf209dbc416cfb031e234686c8f4ae038862fcc10d95d1d357d9df",
    "https://jsr.io/@std/assert/1.0.6/array_includes.ts": "15bf0c203199675d390334fb066009d9bd781c8dfb047996d9265f8f0ed002aa",
    "https://jsr.io/@std/assert/1.0.6/assert.ts": "be1fe368187a25f49c177d19b16a67d30969e0455a765910655ab7fbb8eaed31",
    "https://jsr.io/@std/assert/1.0.6/assertion_error.ts": "95856e579d55629205f886356bd53c20a4f8ab5faef1c112c1ef3ba9d344ad86",
    "https://jsr.io/@std/assert/1.0.6/equal.ts": "7a290c82d5677b195c5b99f3f4cfee87f7ea99140dcb102616180b0207027b60",
    "https://jsr.io/@std/assert/1.0.6/equals.ts": "1a956f80b72e4a18e7d5529a8a2ff8b45d88b7c7f1f309fe8b28e16c14974203",
    "https://jsr.io/@std/assert/1.0.6/exists.ts": "5c60be3b98672c90b6f2414c3f6dd683c45efd46f406501017ae1129f5bec7a1",
    "https://jsr.io/@std/assert/1.0.6/fail.ts": "8bf3a6b11832be29f859258ee0206ae327ae3a6f4da2ddfe029174c761a978e4",
    "https://jsr.io/@std/assert/1.0.6/false.ts": "565e2a4974f8d8b1448d857ce7f3b432eded50a909eb323aa4525b6dbab80d99",
    "https://jsr.io/@std/assert/1.0.6/greater.ts": "7a2bd7eaa2cf029f9fc1848a454b73d55057ed5937727175af3a2260371b672a",
    "https://jsr.io/@std/assert/1.0.6/greater_or_equal.ts": "536bde1aa4280a767c7ae7adcef16b4b5e5347f7489957fd7b415c143bdcdd00",
    "https://jsr.io/@std/assert/1.0.6/instance_of.ts": "75326cc6d2f5dd569c6601c7ba7b21a9c0669b69a9b12b4cb8e66b60ce2c12ef",
    "https://jsr.io/@std/assert/1.0.6/is_error.ts": "6fbce7c350b929e9ceb18c8cacc08f7f4036946bc4977fbe6eea873b72b2d69e",
    "https://jsr.io/@std/assert/1.0.6/less.ts": "2c2463767abe86d0dd171dd3c36629a91d3c3c4cc4c2f84a4de294727374e291",
    "https://jsr.io/@std/assert/1.0.6/less_or_equal.ts": "96ff8b82b63181ae7db28a78354b6edcd6054c74f5fbcf32a5ff2847366d2732",
    "https://jsr.io/@std/assert/1.0.6/match.ts": "2a01781be327626dd884357262db53c39b5e59e963d4ef44fdf89930d40149c4",
    "https://jsr.io/@std/assert/1.0.6/mod.ts": "7e787d7d0022235331814ee96f7f6f2aa4ee1bbdf616d63226773e817e8bb28e",
    "https://jsr.io/@std/assert/1.0.6/not_equals.ts": "b6b4e283dd89f044415a0a82c402bc25729feeb5e9618a2f2b60287c06b4e133",
    "https://jsr.io/@std/assert/1.0.6/not_instance_of.ts": "79d23964d158a3ca32ec91722134bad12a737a49ca573b4ff62db5776dc9a309",
    "https://jsr.io/@std/assert/1.0.6/not_match.ts": "8d4883eb536910473c098145e02dab9cb608e0785b81a3c938fc92f99b27644b",
    "https://jsr.io/@std/assert/1.0.6/not_strict_equals.ts": "a632c008d8f193c3ce4db8255770d108c3fc78009d54a3b4927024b7cbd11aa4",
    "https://jsr.io/@std/assert/1.0.6/object_match.ts": "aeca9c9f64359eaec21956abbcb792a21d1f342586774ce1489ef9af37174cbf",
    "https://jsr.io/@std/assert/1.0.6/rejects.ts": "cbc4e32d920ed99ab660f493232ff8a4e304cd906cd85c0b99db9a297faadec2",
    "https://jsr.io/@std/assert/1.0.6/strict_equals.ts": "ddda46957de2fa5e7a4f631718ab2b1647614b9dc1a0157a9e274d3d096621bc",
    "https://jsr.io/@std/assert/1.0.6/string_includes.ts": "1ae15192f035f87c1ba57b6c1117eea3550368e5cfbc3e0c774015d2b2a53487",
    "https://jsr.io/@std/assert/1.0.6/throws.ts": "2551d301acbb2fecbb6ac749a36b5549325eada6f29cee56f4f1a432296fe7ef",
    "https://jsr.io/@std/assert/1.0.6/unimplemented.ts": "679e70c4b9d599d7b4ba12ff94a10fa079b52fb3f372ce4c5ef15247d467cd8f",
    "https://jsr.io/@std/assert/1.0.6/unreachable.ts": "daa76cc23377d1b267075cdabb0c5f11a034e737b187f2bdb705c0f3e87b2382",
    "https://jsr.io/@std/internal/1.0.4/build_message.ts": "684e3128b293cd9d10f1948957876ddf8a486e7ee31b4e3ca8455db74ae36012",
    "https://jsr.io/@std/internal/1.0.4/diff.ts": "903a7c9ad27c957272ca7a8562a9319b68f604cc3ad35618a21c79dcfa458446",
    "https://jsr.io/@std/internal/1.0.4/diff_str.ts": "9a1e78185aa461f59bcedd2826333872a500a2e6db1b603c9cbc51c09ce24be9",
    "https://jsr.io/@std/internal/1.0.4/format.ts": "0b380161315f6b3ef5222847177047e01e049f4757bac5b7f7843c9ce3311eb5",
    "https://jsr.io/@std/internal/1.0.4/styles.ts": "86159ab0f45ea55643fbe727f20daaf4670d6ace57d83dab7406f74e4486a0e6",
    "https://jsr.io/@std/internal/1.0.4/types.ts": "606fb6fe832f6114779569659a61f02a2fa2f9b75cf7e7ee1ad4cfb176b1caf9",
    "https://jsr.io/@std/path/1.0.6/_common/assert_path.ts": "136d47e3580667f7835507a33d5d63d4cc3f71671d17ddfdb17d79a31625bb41",
    "https://jsr.io/@std/path/1.0.6/_common/basename.ts": "3b15fc31f9db13b601ee65a29acbab0956594e7db5ac48d37308727dbe53004c",
    "https://jsr.io/@std/path/1.0.6/_common/common.ts": "af935c0d001d9094358393455c5046e0c3bb9f0f200945065e89073c97f2a5b1",
    "https://jsr.io/@std/path/1.0.6/_common/constants.ts": "dc5f8057159f4b48cd304eb3027e42f1148cf4df1fb4240774d3492b5d12ac0c",
    "https://jsr.io/@std/path/1.0.6/_common/dirname.ts": "684df4aa71a04bbcc346c692c8485594fc8a90b9408dfbc26ff32cf3e0c98cc8",
    "https://jsr.io/@std/path/1.0.6/_common/format.ts": "348b7acfd94d522c327f9afe09f5b0821d6760e50f7f9917d3a9ba5cdde9dd37",
    "https://jsr.io/@std/path/1.0.6/_common/from_file_url.ts": "ab0ed799065db75c2b94ed9d2b05644a3078fc0a71efc301cdb9f20274a1c4af",
    "https://jsr.io/@std/path/1.0.6/_common/glob_to_reg_exp.ts": "5d76e085e4d99583e2eec758828a2df4d6d6d1f928bdda6a9b040a19ab9af85f",
    "https://jsr.io/@std/path/1.0.6/_common/normalize.ts": "684df4aa71a04bbcc346c692c8485594fc8a90b9408dfbc26ff32cf3e0c98cc8",
    "https://jsr.io/@std/path/1.0.6/_common/normalize_string.ts": "33edef773c2a8e242761f731adeb2bd6d683e9c69e4e3d0092985bede74f4ac3",
    "https://jsr.io/@std/path/1.0.6/_common/relative.ts": "faa2753d9b32320ed4ada0733261e3357c186e5705678d9dd08b97527deae607",
    "https://jsr.io/@std/path/1.0.6/_common/strip_trailing_separators.ts": "7024a93447efcdcfeaa9339a98fa63ef9d53de363f1fbe9858970f1bba02655a",
    "https://jsr.io/@std/path/1.0.6/_common/to_file_url.ts": "7f76adbc83ece1bba173e6e98a27c647712cab773d3f8cbe0398b74afc817883",
    "https://jsr.io/@std/path/1.0.6/_os.ts": "6b420bf7d2e76d9597932b729e5b3dea9540416d38e88937d4c39c484e34fa21",
    "https://jsr.io/@std/path/1.0.6/basename.ts": "93e047a98e8393341b0d62b9fc822e0c48623b3255fa5c3ec7e47ca9c48269d2",
    "https://jsr.io/@std/path/1.0.6/common.ts": "18ecfb46c70d2c0f19bcb28dc8bf5b2865ad68c7589fa8da1d9ee0f92c7520b5",
    "https://jsr.io/@std/path/1.0.6/constants.ts": "7470d589dfd85337d09cc8806e19b257ee4f4b040503a17c3e5c708495fb252f",
    "https://jsr.io/@std/path/1.0.6/dirname.ts": "b5415597df8efd8b2adc1afdc0b11adfac13f328154368a47e44bed1086d46dc",
    "https://jsr.io/@std/path/1.0.6/extname.ts": "95f94e835ad500dce8f79e496b5758bd98727742995ed524fdae77ca1efe03e3",
    "https://jsr.io/@std/path/1.0.6/format.ts": "164d6a9200ecb8d72e26754e5c2e330f071aa5474be762d81efd97ccb5014216",
    "https://jsr.io/@std/path/1.0.6/from_file_url.ts": "d553e06a95ad050398ab2a6f129ef358a178ee377331b9cc3c68e056f656bf6a",
    "https://jsr.io/@std/path/1.0.6/glob_to_regexp.ts": "f60eb471d81f688c9d6530399095a550b4527cbaa115056129085a638e6c6b4c",
    "https://jsr.io/@std/path/1.0.6/is_absolute.ts": "a24aeb130f2f20a82e91d9f4a65e339e28bc1125d89833ffbdfda358f0f1118b",
    "https://jsr.io/@std/path/1.0.6/is_glob.ts": "c2872ccb6738d735946f8d93ec60ebf65a8b27b7f471ca197d04beaf934468d5",
    "https://jsr.io/@std/path/1.0.6/join.ts": "39fef9407532bcaa7177607cf829c173477e9e5cbd9bdddffd726db631cddb9b",
    "https://jsr.io/@std/path/1.0.6/join_globs.ts": "14ebd94d54e079f8ca66c4eba07ead05565f4b6f55743beef56964187ca2754c",
    "https://jsr.io/@std/path/1.0.6/mod.ts": "1c9071c51c33236d2fa90654539e01faeb504b378e8342f69e202988b791bfb8",
    "https://jsr.io/@std/path/1.0.6/normalize.ts": "de5f63500b4b93842797ec3fc729415c809f95f526e95d113ae2ccfd5ea21294",
    "https://jsr.io/@std/path/1.0.6/normalize_glob.ts": "9b68e2d1fceaf75715a9e4b736e7ad5bae05441e73c6f9b206aa7bee10080655",
    "https://jsr.io/@std/path/1.0.6/parse.ts": "d6fafd94e41be9b230ac1c09248d29def1b64d58f79395769e9708551f674f3b",
    "https://jsr.io/@std/path/1.0.6/posix/_util.ts": "1e3937da30f080bfc99fe45d7ed23c47dd8585c5e473b2d771380d3a6937cf9d",
    "https://jsr.io/@std/path/1.0.6/posix/basename.ts": "20f19421a75c0a7513cead7ecd53d32038d1b36f4a935b401f845d0194659af2",
    "https://jsr.io/@std/path/1.0.6/posix/constants.ts": "f83bf8eae5a94941001d2af567d573a4ad93c0df46a5e183e2268cb19f42779f",
    "https://jsr.io/@std/path/1.0.6/posix/dirname.ts": "a001dcda939e504c909c59d3cf41b1ec926223c716188fd1455b125649003c9d",
    "https://jsr.io/@std/path/1.0.6/posix/extname.ts": "478720b6603621741a2871fe48523c34e03e3e9552075a48ccb804345c44bbb8",
    "https://jsr.io/@std/path/1.0.6/posix/format.ts": "f82f084215eee88deecaa607f3da2d463f3c7cee30ab1b087a4655a3d872d302",
    "https://jsr.io/@std/path/1.0.6/posix/from_file_url.ts": "0bd4ec0a3019f4c2c8e2ae0adf8834b2494a5b29d297ea996e22c1794c62d9c0",
    "https://jsr.io/@std/path/1.0.6/posix/glob_to_regexp.ts": "36f99a82f11b53c852e4ba6babae6e29bd020aeda169207da68fd78457777028",
    "https://jsr.io/@std/path/1.0.6/posix/is_absolute.ts": "f83938688175373503e6aafde89fd1841e1d05d193b3673b627cb8a5939865e2",
    "https://jsr.io/@std/path/1.0.6/posix/join.ts": "129b94e930b7e83f78febb3ee2fb84a12c8e493ccbe40ba11b3deaec8b30b3d6",
    "https://jsr.io/@std/path/1.0.6/posix/join_globs.ts": "95af52446b186a73d75df77bfe0ef784c42ba997c0a7280dc5897d256f402120",
    "https://jsr.io/@std/path/1.0.6/posix/normalize.ts": "feb14db8c5434c56e57cf00553cf079842a1f5543f5ac807aedfe5314e7c0281",
    "https://jsr.io/@std/path/1.0.6/posix/normalize_glob.ts": "e553171ab8c77a000f39c627ffb4d539189e4c02a6e48b3154bbc981c13cb1ad",
    "https://jsr.io/@std/path/1.0.6/posix/parse.ts": "8630560bbedd90d7273712cf7faba8e3fc17fbdb4af6d723aa349f3292130b73",
    "https://jsr.io/@std/path/1.0.6/posix/relative.ts": "b9c0d8a4398697a9014c4df80e4c6a339ba74b8616a946c7ac6708d0dd2a2331",
    "https://jsr.io/@std/path/1.0.6/posix/resolve.ts": "e572f2de47e132066c16b851464b4b485771b1441a8a1108408f147426e30054",
    "https://jsr.io/@std/path/1.0.6/posix/to_file_url.ts": "8fd63223c4f99644e8dcef97d133690605e2758eb4cf698c4d8f4ea81035a872",
    "https://jsr.io/@std/path/1.0.6/posix/to_namespaced_path.ts": "66a1cb782953dbeb7732d69a85cf4edd15a79c6bbbffa8c8e0469a77c840a1e9",
    "https://jsr.io/@std/path/1.0.6/relative.ts": "d775a20f9d44c23d6940d820f1f198114460cfb420685847fba5013ad8dcf306",
    "https://jsr.io/@std/path/1.0.6/resolve.ts": "10a518c616f14fe3d73fae0b0ea6e5e5a55c49e9bff8a9076716b7a0376e07d0",
    "https://jsr.io/@std/path/1.0.6/to_file_url.ts": "fae11f54aa7aefa4d6a64856f6fa6f9e2e6ae942314842ccba771da2edc4ad0a",
    "https://jsr.io/@std/path/1.0.6/to_namespaced_path.ts": "cf16676c047447254aa65e491797a260a6241123d11061a5e51233a5cab4d7bf",
    "https://jsr.io/@std/path/1.0.6/types.ts": "c85cbfd82fde333773448e6f40d6ca6f300d366dfcadd0c0bf26454c86cdf942",
    "https://jsr.io/@std/path/1.0.6/windows/_util.ts": "d5f47363e5293fced22c984550d5e70e98e266cc3f31769e1710511803d04808",
    "https://jsr.io/@std/path/1.0.6/windows/basename.ts": "e87e09f055a2443f6b5342349d0ad008b827130cd8ecfbfe4f2ca0f740bff38c",
    "https://jsr.io/@std/path/1.0.6/windows/constants.ts": "ae2131fb3fe0ddccfef82a9773bbbe625819b11ab30c32a3eb2c376731d86e83",
    "https://jsr.io/@std/path/1.0.6/windows/dirname.ts": "fb36bd747dbfc1374c64a6979f05f33e8a10dd34041eb2acf9c4c12afc1e07ca",
    "https://jsr.io/@std/path/1.0.6/windows/extname.ts": "d9aec8eb6dda14050cc918d3e570b733a114ea31ff28ffe18706aff972ebfd97",
    "https://jsr.io/@std/path/1.0.6/windows/format.ts": "f3af6440766380cbe8de698acd63f9453aeaf3d7a8eab6dd2830f8b6f9b25beb",
    "https://jsr.io/@std/path/1.0.6/windows/from_file_url.ts": "33c85238be4184aa22877cc3f06219c20202edbc1f42abfb9e8efd65833e7926",
    "https://jsr.io/@std/path/1.0.6/windows/glob_to_regexp.ts": "2ea59f0b2ea6aba8616864d4e5fc64a210c8cc6469651ea0de1cced34a732238",
    "https://jsr.io/@std/path/1.0.6/windows/is_absolute.ts": "2eb65e7b5024090696fd9a34720e9cac3be1fa9d2f67542389753e02040df2ad",
    "https://jsr.io/@std/path/1.0.6/windows/join.ts": "c672f33af5c1331ca01d98b7c41be2092d099bece9c66c60dc62f1e0ac360aa6",
    "https://jsr.io/@std/path/1.0.6/windows/join_globs.ts": "7e2f7aaed38cbc2808782502eb92263f1171114f0b49ddaa429da5bd58b3d945",
    "https://jsr.io/@std/path/1.0.6/windows/normalize.ts": "b04cc6a1ae86ff2715b9482796bfe5cd3bdc3e5ebee822666b6fcdb240e53f7d",
    "https://jsr.io/@std/path/1.0.6/windows/normalize_glob.ts": "21e427f1cc4fa74218c468da3c790c56177f801094929fcc3be0823f61f37c9a",
    "https://jsr.io/@std/path/1.0.6/windows/parse.ts": "d70ec0c61c8ca47994b8ba970c4be4d74cc380fb1ecf06e0eba2bfa2ad7ecb49",
    "https://jsr.io/@std/path/1.0.6/windows/relative.ts": "fd2d65b242a0053f35e14bd9746b471053045dcbe037229b36b968d76b7d26e5",
    "https://jsr.io/@std/path/1.0.6/windows/resolve.ts": "e086edd02c7b7bfcacab6caca2d1b8784476e2c6cc22a0a1ecfcad8077d0f636",
    "https://jsr.io/@std/path/1.0.6/windows/to_file_url.ts": "19dbd8e634516cac2d8653bab851ef8b7b8fdcdd22cda9382ef4663a77c2d9c0",
    "https://jsr.io/@std/path/1.0.6/windows/to_namespaced_path.ts": "08cece3b269f7a708f5562604ad3546c47dd3888e4c1edae41d816931612eefa"
  }
}
