{
  "version": "3",
  "packages": {
    "specifiers": {
      "jsr:@std/assert": "jsr:@std/assert@1.0.6",
      "jsr:@std/internal@^1.0.4": "jsr:@std/internal@1.0.4"
    },
    "jsr": {
      "@std/assert@1.0.6": {
        "dependencies": [
          "jsr:@std/internal@^1.0.4"
        ]
      },
      "@std/internal@1.0.4": {}
    }
  },
  "remote": {
    "https://cdn.sheetjs.com/xlsx-0.20.3/package/xlsx.mjs": "1a0fb062ee9781b13f6687371b202aaefc53b6ce55b530c027e01f9c087b77db",
    "https://deno.land/std@0.130.0/_util/assert.ts": "e94f2eb37cebd7f199952e242c77654e43333c1ac4c5c700e929ea3aa5489f74",
    "https://deno.land/std@0.130.0/_util/os.ts": "49b92edea1e82ba295ec946de8ffd956ed123e2948d9bd1d3e901b04e4307617",
    "https://deno.land/std@0.130.0/path/_constants.ts": "df1db3ffa6dd6d1252cc9617e5d72165cd2483df90e93833e13580687b6083c3",
    "https://deno.land/std@0.130.0/path/_interface.ts": "ee3b431a336b80cf445441109d089b70d87d5e248f4f90ff906820889ecf8d09",
    "https://deno.land/std@0.130.0/path/_util.ts": "c1e9686d0164e29f7d880b2158971d805b6e0efc3110d0b3e24e4b8af2190d2b",
    "https://deno.land/std@0.130.0/path/common.ts": "bee563630abd2d97f99d83c96c2fa0cca7cee103e8cb4e7699ec4d5db7bd2633",
    "https://deno.land/std@0.130.0/path/glob.ts": "cb5255638de1048973c3e69e420c77dc04f75755524cb3b2e160fe9277d939ee",
    "https://deno.land/std@0.130.0/path/mod.ts": "4275129bb766f0e475ecc5246aa35689eeade419d72a48355203f31802640be7",
    "https://deno.land/std@0.130.0/path/posix.ts": "663e4a6fe30a145f56aa41a22d95114c4c5582d8b57d2d7c9ed27ad2c47636bb",
    "https://deno.land/std@0.130.0/path/separator.ts": "fe1816cb765a8068afb3e8f13ad272351c85cbc739af56dacfc7d93d710fe0f9",
    "https://deno.land/std@0.130.0/path/win32.ts": "e7bdf63e8d9982b4d8a01ef5689425c93310ece950e517476e22af10f41a136e",
    "https://deno.land/std@0.216.0/assert/_constants.ts": "a271e8ef5a573f1df8e822a6eb9d09df064ad66a4390f21b3e31f820a38e0975",
    "https://deno.land/std@0.216.0/assert/_diff.ts": "dcc63d94ca289aec80644030cf88ccbf7acaa6fbd7b0f22add93616b36593840",
    "https://deno.land/std@0.216.0/assert/_format.ts": "0ba808961bf678437fb486b56405b6fefad2cf87b5809667c781ddee8c32aff4",
    "https://deno.land/std@0.216.0/assert/assert.ts": "bec068b2fccdd434c138a555b19a2c2393b71dfaada02b7d568a01541e67cdc5",
    "https://deno.land/std@0.216.0/assert/assert_almost_equals.ts": "8b96b7385cc117668b0720115eb6ee73d04c9bcb2f5d2344d674918c9113688f",
    "https://deno.land/std@0.216.0/assert/assert_array_includes.ts": "1688d76317fd45b7e93ef9e2765f112fdf2b7c9821016cdfb380b9445374aed1",
    "https://deno.land/std@0.216.0/assert/assert_equals.ts": "4497c56fe7d2993b0d447926702802fc0becb44e319079e8eca39b482ee01b4e",
    "https://deno.land/std@0.216.0/assert/assert_exists.ts": "24a7bf965e634f909242cd09fbaf38bde6b791128ece08e33ab08586a7cc55c9",
    "https://deno.land/std@0.216.0/assert/assert_false.ts": "6f382568e5128c0f855e5f7dbda8624c1ed9af4fcc33ef4a9afeeedcdce99769",
    "https://deno.land/std@0.216.0/assert/assert_greater.ts": "4945cf5729f1a38874d7e589e0fe5cc5cd5abe5573ca2ddca9d3791aa891856c",
    "https://deno.land/std@0.216.0/assert/assert_greater_or_equal.ts": "573ed8823283b8d94b7443eb69a849a3c369a8eb9666b2d1db50c33763a5d219",
    "https://deno.land/std@0.216.0/assert/assert_instance_of.ts": "72dc1faff1e248692d873c89382fa1579dd7b53b56d52f37f9874a75b11ba444",
    "https://deno.land/std@0.216.0/assert/assert_is_error.ts": "6596f2b5ba89ba2fe9b074f75e9318cda97a2381e59d476812e30077fbdb6ed2",
    "https://deno.land/std@0.216.0/assert/assert_less.ts": "2b4b3fe7910f65f7be52212f19c3977ecb8ba5b2d6d0a296c83cde42920bb005",
    "https://deno.land/std@0.216.0/assert/assert_less_or_equal.ts": "b93d212fe669fbde959e35b3437ac9a4468f2e6b77377e7b6ea2cfdd825d38a0",
    "https://deno.land/std@0.216.0/assert/assert_match.ts": "ec2d9680ed3e7b9746ec57ec923a17eef6d476202f339ad91d22277d7f1d16e1",
    "https://deno.land/std@0.216.0/assert/assert_not_equals.ts": "ac86413ab70ffb14fdfc41740ba579a983fe355ba0ce4a9ab685e6b8e7f6a250",
    "https://deno.land/std@0.216.0/assert/assert_not_instance_of.ts": "8f720d92d83775c40b2542a8d76c60c2d4aeddaf8713c8d11df8984af2604931",
    "https://deno.land/std@0.216.0/assert/assert_not_match.ts": "b4b7c77f146963e2b673c1ce4846473703409eb93f5ab0eb60f6e6f8aeffe39f",
    "https://deno.land/std@0.216.0/assert/assert_not_strict_equals.ts": "da0b8ab60a45d5a9371088378e5313f624799470c3b54c76e8b8abeec40a77be",
    "https://deno.land/std@0.216.0/assert/assert_object_match.ts": "e85e5eef62a56ce364c3afdd27978ccab979288a3e772e6855c270a7b118fa49",
    "https://deno.land/std@0.216.0/assert/assert_rejects.ts": "e9e0c8d9c3e164c7ac962c37b3be50577c5a2010db107ed272c4c1afb1269f54",
    "https://deno.land/std@0.216.0/assert/assert_strict_equals.ts": "0425a98f70badccb151644c902384c12771a93e65f8ff610244b8147b03a2366",
    "https://deno.land/std@0.216.0/assert/assert_string_includes.ts": "dfb072a890167146f8e5bdd6fde887ce4657098e9f71f12716ef37f35fb6f4a7",
    "https://deno.land/std@0.216.0/assert/assert_throws.ts": "edddd86b39606c342164b49ad88dd39a26e72a26655e07545d172f164b617fa7",
    "https://deno.land/std@0.216.0/assert/assertion_error.ts": "9f689a101ee586c4ce92f52fa7ddd362e86434ffdf1f848e45987dc7689976b8",
    "https://deno.land/std@0.216.0/assert/equal.ts": "fae5e8a52a11d3ac694bbe1a53e13a7969e3f60791262312e91a3e741ae519e2",
    "https://deno.land/std@0.216.0/assert/fail.ts": "f310e51992bac8e54f5fd8e44d098638434b2edb802383690e0d7a9be1979f1c",
    "https://deno.land/std@0.216.0/assert/mod.ts": "325df8c0683ad83a873b9691aa66b812d6275fc9fec0b2d180ac68a2c5efed3b",
    "https://deno.land/std@0.216.0/assert/unimplemented.ts": "47ca67d1c6dc53abd0bd729b71a31e0825fc452dbcd4fde4ca06789d5644e7fd",
    "https://deno.land/std@0.216.0/assert/unreachable.ts": "38cfecb95d8b06906022d2f9474794fca4161a994f83354fd079cac9032b5145",
    "https://deno.land/std@0.216.0/fmt/colors.ts": "d239d84620b921ea520125d778947881f62c50e78deef2657073840b8af9559a",
    "https://deno.land/x/yano3nora_tsutils@v0.29.0/libs/char-2-codes.ts": "00a0c7ca935b8915e5477ddaa2d040bb926797e64b947e66fb61be06c31e87ce",
    "https://deno.land/x/yano3nora_tsutils@v0.29.0/libs/char-count.ts": "5eb23de4d6576af0e123ab6a8faa3f8d9c6a127729090d8c07004901cece628c",
    "https://deno.land/x/yano3nora_tsutils@v0.29.0/libs/chunk.ts": "385c8155a3e2fdf1020952a9d10588b29a1b8efebe371225796f4fabea045d29",
    "https://deno.land/x/yano3nora_tsutils@v0.29.0/libs/error-2-json.ts": "7bbdaea10af1c15358761106c429dcd3544a0ab66cb29c3fb9878232cf8d2fe5",
    "https://deno.land/x/yano3nora_tsutils@v0.29.0/libs/get-rank.ts": "de62202758a79aa730f176a853f216343b8c83a9099e426a0e29f3935399888e",
    "https://deno.land/x/yano3nora_tsutils@v0.29.0/libs/group-by.ts": "fa217e15845391246b64ce54a60abcbda1450768b62a455dd270d4e33a84778c",
    "https://deno.land/x/yano3nora_tsutils@v0.29.0/libs/hash-by-seed.ts": "d90a8f8ae0b379a4096ceee6eba47496df2ba9231e4d54aba305811cd400d9ca",
    "https://deno.land/x/yano3nora_tsutils@v0.29.0/libs/is-json.ts": "6bf9b38e8cab0e84bf3ab3ef5bc7d04f111eafe3e5eab9e3f485f298773e69ad",
    "https://deno.land/x/yano3nora_tsutils@v0.29.0/libs/is-number.ts": "6ceafa10560dc6ae1fcf98e5be49acc74a3452019b7947f5d1fd28428fbb5986",
    "https://deno.land/x/yano3nora_tsutils@v0.29.0/libs/is-url.ts": "73f7b740c7d2844f7dbe2e1ca0f2b9c695483266af8785d87c55dbc1d6ad4adb",
    "https://deno.land/x/yano3nora_tsutils@v0.29.0/libs/lcg.ts": "2e2fadce85a7b8d15448397baebaaa0d6270fe7a77660214210f868788135939",
    "https://deno.land/x/yano3nora_tsutils@v0.29.0/libs/missing-elements.ts": "77bf22d80535b1bf58170e182ad686a789531083fa564ebd4557442a3dfed419",
    "https://deno.land/x/yano3nora_tsutils@v0.29.0/libs/nameof.ts": "fe2e7d0641d6633a55781d0dda6231b6c7b4f7929849a763aa8e2f191d6e1948",
    "https://deno.land/x/yano3nora_tsutils@v0.29.0/libs/number-2-alphabets.ts": "70fc8f5fbf7bb64e1d7222734139e0c42d5fd0544c8b070f81885c39b99ecf09",
    "https://deno.land/x/yano3nora_tsutils@v0.29.0/libs/numformat.ts": "3a132cc5a26087d9fab6a5aa50ce660bc64c4c87c5c5b7be7e30bc8a63a99c5c",
    "https://deno.land/x/yano3nora_tsutils@v0.29.0/libs/object-by-keys.ts": "9c08529255656a2d86f5357997ff9907d8809a4335bed78f2cbe4112cccf7ed1",
    "https://deno.land/x/yano3nora_tsutils@v0.29.0/libs/object-entries.ts": "0226d23ba1cca8dd19eb0333f4de9b3b7d015c83bf8ecac1d7c3134f48cf48f3",
    "https://deno.land/x/yano3nora_tsutils@v0.29.0/libs/object-key-by-value.ts": "531d040488136ed6f2d6d73b4da58d587e151e91242d90eac478004f68ad560e",
    "https://deno.land/x/yano3nora_tsutils@v0.29.0/libs/object-keys-by-value.ts": "e86332d8e4796ee09203c56fa395bedae229e79ca0a3343f7fd8c1cb0ac58bc1",
    "https://deno.land/x/yano3nora_tsutils@v0.29.0/libs/object-keys.ts": "00d8ac32c6858987d09ff03af9ff6111ffb8b4dde5df216551eab43f70989b4a",
    "https://deno.land/x/yano3nora_tsutils@v0.29.0/libs/object-swap.ts": "a03cc7dba10f0768df616296f44ee76a1f3d53edb61077cf755c86d1f66ad80e",
    "https://deno.land/x/yano3nora_tsutils@v0.29.0/libs/objects-2-object.ts": "d20e64999163503363acbdf0654c0ef99b18abb0ae4a441ca4ede1e8f2e59c8c",
    "https://deno.land/x/yano3nora_tsutils@v0.29.0/libs/percent-weighted-avg.ts": "af48a47b2b0dc94699e65bd2b8dffcd50080e59fc2758eabdcf5153c2afc8062",
    "https://deno.land/x/yano3nora_tsutils@v0.29.0/libs/random-int.ts": "4974996afd26b8c339173e0866cccdab5ecdec78424bee6e9e58a6b5621cc001",
    "https://deno.land/x/yano3nora_tsutils@v0.29.0/libs/range.ts": "80511c853c7feded6828c63885b260c7da885e5977c3510df2a312dc2ae8e2a7",
    "https://deno.land/x/yano3nora_tsutils@v0.29.0/libs/record-by.ts": "f32633d1a584e073faadc1829eeaa1297e61fbd5423fe728ce37665bea847f59",
    "https://deno.land/x/yano3nora_tsutils@v0.29.0/libs/remaining-seconds.ts": "71f8a7fb04579daa63f0ed2b86e8ac659959db303da5dba3f4b3767f77d47935",
    "https://deno.land/x/yano3nora_tsutils@v0.29.0/libs/shuffled.ts": "deb6ef4691b0992f606079506fdc9ab8944df0ca66d6ac4db8f0a04c6e0f6152",
    "https://deno.land/x/yano3nora_tsutils@v0.29.0/libs/sleep-timer.ts": "e056cdbe06bed8b762cb654e815e46f70abd98c959b17f69ab5fc896ad6816b7",
    "https://deno.land/x/yano3nora_tsutils@v0.29.0/libs/unionof.ts": "3bbc8684f109d2009ed279fbb4fab8d1337d018f603b707ddf12cab7eed019a5",
    "https://deno.land/x/yano3nora_tsutils@v0.29.0/libs/unique.ts": "c734c40e28e464f48dc342422c3cc1ec12464fe0fe6e3e55dd383b43d4ce9f0a",
    "https://deno.land/x/yano3nora_tsutils@v0.29.0/libs/utility-types.ts": "1a0c1887fdae83ac9dd08ccfa1fc518fd929eca646808adf53a58cc1f25dd7b0",
    "https://deno.land/x/yano3nora_tsutils@v0.29.0/libs/wait-until-or-fail.ts": "ba8131a4282731f2d656a86d9d1c6271293c9a56ae26dc27af511fc0b504cb0d",
    "https://deno.land/x/yano3nora_tsutils@v0.29.0/main.ts": "5ccd494208b64bb2cfe4488abc9b81079d6bc758fa4055a6bb7981ee849c1d2b"
  }
}
