{
  "version": "5",
  "specifiers": {
    "jsr:@std/assert@*": "1.0.19",
    "jsr:@std/assert@^1.0.19": "1.0.19",
    "jsr:@std/internal@^1.0.12": "1.0.14",
    "jsr:@std/internal@^1.0.14": "1.0.14",
    "jsr:@std/path@*": "1.1.6",
    "jsr:@std/path@^1.1.6": "1.1.6"
  },
  "jsr": {
    "@std/assert@1.0.19": {
      "integrity": "eaada96ee120cb980bc47e040f82814d786fe8162ecc53c91d8df60b8755991e",
      "dependencies": [
        "jsr:@std/internal@^1.0.12"
      ]
    },
    "@std/internal@1.0.14": {
      "integrity": "291516b3d4c35024d6ffbc0a9df5bf4c64116e05b50012cf846710152d2ffdf7"
    },
    "@std/path@1.1.6": {
      "integrity": "c68485c2a4dfbb5ae3cc74fae4e8c4e5d874cf8a8ed12927917235c758b46cbe",
      "dependencies": [
        "jsr:@std/internal@^1.0.14"
      ]
    }
  },
  "remote": {
    "https://cdn.sheetjs.com/xlsx-0.20.3/package/xlsx.mjs": "1a0fb062ee9781b13f6687371b202aaefc53b6ce55b530c027e01f9c087b77db",
    "https://deno.land/x/yano3nora_tsutils@v0.29.0/libs/char-2-codes.ts": "00a0c7ca935b8915e5477ddaa2d040bb926797e64b947e66fb61be06c31e87ce",
    "https://deno.land/x/yano3nora_tsutils@v0.29.0/libs/char-count.ts": "5eb23de4d6576af0e123ab6a8faa3f8d9c6a127729090d8c07004901cece628c",
    "https://deno.land/x/yano3nora_tsutils@v0.29.0/libs/chunk.ts": "385c8155a3e2fdf1020952a9d10588b29a1b8efebe371225796f4fabea045d29",
    "https://deno.land/x/yano3nora_tsutils@v0.29.0/libs/error-2-json.ts": "7bbdaea10af1c15358761106c429dcd3544a0ab66cb29c3fb9878232cf8d2fe5",
    "https://deno.land/x/yano3nora_tsutils@v0.29.0/libs/get-rank.ts": "de62202758a79aa730f176a853f216343b8c83a9099e426a0e29f3935399888e",
    "https://deno.land/x/yano3nora_tsutils@v0.29.0/libs/group-by.ts": "fa217e15845391246b64ce54a60abcbda1450768b62a455dd270d4e33a84778c",
    "https://deno.land/x/yano3nora_tsutils@v0.29.0/libs/hash-by-seed.ts": "d90a8f8ae0b379a4096ceee6eba47496df2ba9231e4d54aba305811cd400d9ca",
    "https://deno.land/x/yano3nora_tsutils@v0.29.0/libs/is-json.ts": "6bf9b38e8cab0e84bf3ab3ef5bc7d04f111eafe3e5eab9e3f485f298773e69ad",
    "https://deno.land/x/yano3nora_tsutils@v0.29.0/libs/is-number.ts": "6ceafa10560dc6ae1fcf98e5be49acc74a3452019b7947f5d1fd28428fbb5986",
    "https://deno.land/x/yano3nora_tsutils@v0.29.0/libs/is-url.ts": "73f7b740c7d2844f7dbe2e1ca0f2b9c695483266af8785d87c55dbc1d6ad4adb",
    "https://deno.land/x/yano3nora_tsutils@v0.29.0/libs/lcg.ts": "2e2fadce85a7b8d15448397baebaaa0d6270fe7a77660214210f868788135939",
    "https://deno.land/x/yano3nora_tsutils@v0.29.0/libs/missing-elements.ts": "77bf22d80535b1bf58170e182ad686a789531083fa564ebd4557442a3dfed419",
    "https://deno.land/x/yano3nora_tsutils@v0.29.0/libs/nameof.ts": "fe2e7d0641d6633a55781d0dda6231b6c7b4f7929849a763aa8e2f191d6e1948",
    "https://deno.land/x/yano3nora_tsutils@v0.29.0/libs/number-2-alphabets.ts": "70fc8f5fbf7bb64e1d7222734139e0c42d5fd0544c8b070f81885c39b99ecf09",
    "https://deno.land/x/yano3nora_tsutils@v0.29.0/libs/numformat.ts": "3a132cc5a26087d9fab6a5aa50ce660bc64c4c87c5c5b7be7e30bc8a63a99c5c",
    "https://deno.land/x/yano3nora_tsutils@v0.29.0/libs/object-by-keys.ts": "9c08529255656a2d86f5357997ff9907d8809a4335bed78f2cbe4112cccf7ed1",
    "https://deno.land/x/yano3nora_tsutils@v0.29.0/libs/object-entries.ts": "0226d23ba1cca8dd19eb0333f4de9b3b7d015c83bf8ecac1d7c3134f48cf48f3",
    "https://deno.land/x/yano3nora_tsutils@v0.29.0/libs/object-key-by-value.ts": "531d040488136ed6f2d6d73b4da58d587e151e91242d90eac478004f68ad560e",
    "https://deno.land/x/yano3nora_tsutils@v0.29.0/libs/object-keys-by-value.ts": "e86332d8e4796ee09203c56fa395bedae229e79ca0a3343f7fd8c1cb0ac58bc1",
    "https://deno.land/x/yano3nora_tsutils@v0.29.0/libs/object-keys.ts": "00d8ac32c6858987d09ff03af9ff6111ffb8b4dde5df216551eab43f70989b4a",
    "https://deno.land/x/yano3nora_tsutils@v0.29.0/libs/object-swap.ts": "a03cc7dba10f0768df616296f44ee76a1f3d53edb61077cf755c86d1f66ad80e",
    "https://deno.land/x/yano3nora_tsutils@v0.29.0/libs/objects-2-object.ts": "d20e64999163503363acbdf0654c0ef99b18abb0ae4a441ca4ede1e8f2e59c8c",
    "https://deno.land/x/yano3nora_tsutils@v0.29.0/libs/percent-weighted-avg.ts": "af48a47b2b0dc94699e65bd2b8dffcd50080e59fc2758eabdcf5153c2afc8062",
    "https://deno.land/x/yano3nora_tsutils@v0.29.0/libs/random-int.ts": "4974996afd26b8c339173e0866cccdab5ecdec78424bee6e9e58a6b5621cc001",
    "https://deno.land/x/yano3nora_tsutils@v0.29.0/libs/range.ts": "80511c853c7feded6828c63885b260c7da885e5977c3510df2a312dc2ae8e2a7",
    "https://deno.land/x/yano3nora_tsutils@v0.29.0/libs/record-by.ts": "f32633d1a584e073faadc1829eeaa1297e61fbd5423fe728ce37665bea847f59",
    "https://deno.land/x/yano3nora_tsutils@v0.29.0/libs/remaining-seconds.ts": "71f8a7fb04579daa63f0ed2b86e8ac659959db303da5dba3f4b3767f77d47935",
    "https://deno.land/x/yano3nora_tsutils@v0.29.0/libs/shuffled.ts": "deb6ef4691b0992f606079506fdc9ab8944df0ca66d6ac4db8f0a04c6e0f6152",
    "https://deno.land/x/yano3nora_tsutils@v0.29.0/libs/sleep-timer.ts": "e056cdbe06bed8b762cb654e815e46f70abd98c959b17f69ab5fc896ad6816b7",
    "https://deno.land/x/yano3nora_tsutils@v0.29.0/libs/unionof.ts": "3bbc8684f109d2009ed279fbb4fab8d1337d018f603b707ddf12cab7eed019a5",
    "https://deno.land/x/yano3nora_tsutils@v0.29.0/libs/unique.ts": "c734c40e28e464f48dc342422c3cc1ec12464fe0fe6e3e55dd383b43d4ce9f0a",
    "https://deno.land/x/yano3nora_tsutils@v0.29.0/libs/utility-types.ts": "1a0c1887fdae83ac9dd08ccfa1fc518fd929eca646808adf53a58cc1f25dd7b0",
    "https://deno.land/x/yano3nora_tsutils@v0.29.0/libs/wait-until-or-fail.ts": "ba8131a4282731f2d656a86d9d1c6271293c9a56ae26dc27af511fc0b504cb0d",
    "https://deno.land/x/yano3nora_tsutils@v0.29.0/main.ts": "5ccd494208b64bb2cfe4488abc9b81079d6bc758fa4055a6bb7981ee849c1d2b"
  },
  "workspace": {
    "dependencies": [
      "jsr:@std/assert@^1.0.19",
      "jsr:@std/path@^1.1.6"
    ]
  }
}
